
Microsoft Visual Studio Solution File, Format Version 12.00
# Visual Studio Version 17
VisualStudioVersion = 17.6.33815.320
MinimumVisualStudioVersion = 10.0.40219.1
Project("{FAE04EC0-301F-11D3-BF4B-00C04F79EFBC}") = "CrowdShipping.Api", "CrowdShipping.Api\CrowdShipping.Api.csproj", "{7DC1ADE5-3724-49E4-91D5-19BCEE7CB572}"
EndProject
Project("{FAE04EC0-301F-11D3-BF4B-00C04F79EFBC}") = "Crowdshipping.Service", "Crowdshipping.Service\Crowdshipping.Service.csproj", "{BB4B67B2-A02D-4ED2-A39E-5559156FDB94}"
EndProject
Project("{FAE04EC0-301F-11D3-BF4B-00C04F79EFBC}") = "ClassLibrary1.core", "ClassLibrary1.core\ClassLibrary1.core.csproj", "{3E2EA7C1-98E9-4EED-B679-7C82C5DB44D7}"
EndProject
Project("{FAE04EC0-301F-11D3-BF4B-00C04F79EFBC}") = "Crowdshipping.Data", "Crowdshipping.Data\Crowdshipping.Data.csproj", "{A239CA68-534C-4668-B47A-E1F30C951827}"
EndProject
Global
	GlobalSection(SolutionConfigurationPlatforms) = preSolution
		Debug|Any CPU = Debug|Any CPU
		Release|Any CPU = Release|Any CPU
	EndGlobalSection
	GlobalSection(ProjectConfigurationPlatforms) = postSolution
		{7DC1ADE5-3724-49E4-91D5-19BCEE7CB572}.Debug|Any CPU.ActiveCfg = Debug|Any CPU
		{7DC1ADE5-3724-49E4-91D5-19BCEE7CB572}.Debug|Any CPU.Build.0 = Debug|Any CPU
		{7DC1ADE5-3724-49E4-91D5-19BCEE7CB572}.Release|Any CPU.ActiveCfg = Release|Any CPU
		{7DC1ADE5-3724-49E4-91D5-19BCEE7CB572}.Release|Any CPU.Build.0 = Release|Any CPU
		{BB4B67B2-A02D-4ED2-A39E-5559156FDB94}.Debug|Any CPU.ActiveCfg = Debug|Any CPU
		{BB4B67B2-A02D-4ED2-A39E-5559156FDB94}.Debug|Any CPU.Build.0 = Debug|Any CPU
		{BB4B67B2-A02D-4ED2-A39E-5559156FDB94}.Release|Any CPU.ActiveCfg = Release|Any CPU
		{BB4B67B2-A02D-4ED2-A39E-5559156FDB94}.Release|Any CPU.Build.0 = Release|Any CPU
		{3E2EA7C1-98E9-4EED-B679-7C82C5DB44D7}.Debug|Any CPU.ActiveCfg = Debug|Any CPU
		{3E2EA7C1-98E9-4EED-B679-7C82C5DB44D7}.Debug|Any CPU.Build.0 = Debug|Any CPU
		{3E2EA7C1-98E9-4EED-B679-7C82C5DB44D7}.Release|Any CPU.ActiveCfg = Release|Any CPU
		{3E2EA7C1-98E9-4EED-B679-7C82C5DB44D7}.Release|Any CPU.Build.0 = Release|Any CPU
		{A239CA68-534C-4668-B47A-E1F30C951827}.Debug|Any CPU.ActiveCfg = Debug|Any CPU
		{A239CA68-534C-4668-B47A-E1F30C951827}.Debug|Any CPU.Build.0 = Debug|Any CPU
		{A239CA68-534C-4668-B47A-E1F30C951827}.Release|Any CPU.ActiveCfg = Release|Any CPU
		{A239CA68-534C-4668-B47A-E1F30C951827}.Release|Any CPU.Build.0 = Release|Any CPU
	EndGlobalSection
	GlobalSection(SolutionProperties) = preSolution
		HideSolutionNode = FALSE
	EndGlobalSection
	GlobalSection(ExtensibilityGlobals) = postSolution
		SolutionGuid = {E8360210-DAB0-4147-97E8-DBADB3B8F908}
	EndGlobalSection
EndGlobal
